
Microsoft Visual Studio Solution File, Format Version 12.00
# Visual Studio 15
VisualStudioVersion = 15.0.27428.2037
MinimumVisualStudioVersion = 10.0.40219.1
Project("{FAE04EC0-301F-11D3-BF4B-00C04F79EFBC}") = "TestCoreApp.WebApi", "TestCoreApp.WebApi\TestCoreApp.WebApi.csproj", "{7EB40EEF-BD28-464B-B114-2FFBDBD6A302}"
EndProject
Project("{FAE04EC0-301F-11D3-BF4B-00C04F79EFBC}") = "TestCoreApp.Entities", "TestCoreApp.Entities\TestCoreApp.Entities.csproj", "{49847A5F-51C6-4077-BDAE-B09132DEDCC5}"
EndProject
Project("{FAE04EC0-301F-11D3-BF4B-00C04F79EFBC}") = "TestCoreApp.DataAccessLayer", "TestCoreApp.DataAccessLayer\TestCoreApp.DataAccessLayer.csproj", "{63B34C75-E95B-49F0-A2DB-342853376B02}"
EndProject
Global
	GlobalSection(SolutionConfigurationPlatforms) = preSolution
		Debug|Any CPU = Debug|Any CPU
		Release|Any CPU = Release|Any CPU
	EndGlobalSection
	GlobalSection(ProjectConfigurationPlatforms) = postSolution
		{7EB40EEF-BD28-464B-B114-2FFBDBD6A302}.Debug|Any CPU.ActiveCfg = Debug|Any CPU
		{7EB40EEF-BD28-464B-B114-2FFBDBD6A302}.Debug|Any CPU.Build.0 = Debug|Any CPU
		{7EB40EEF-BD28-464B-B114-2FFBDBD6A302}.Release|Any CPU.ActiveCfg = Release|Any CPU
		{7EB40EEF-BD28-464B-B114-2FFBDBD6A302}.Release|Any CPU.Build.0 = Release|Any CPU
		{49847A5F-51C6-4077-BDAE-B09132DEDCC5}.Debug|Any CPU.ActiveCfg = Debug|Any CPU
		{49847A5F-51C6-4077-BDAE-B09132DEDCC5}.Debug|Any CPU.Build.0 = Debug|Any CPU
		{49847A5F-51C6-4077-BDAE-B09132DEDCC5}.Release|Any CPU.ActiveCfg = Release|Any CPU
		{49847A5F-51C6-4077-BDAE-B09132DEDCC5}.Release|Any CPU.Build.0 = Release|Any CPU
		{63B34C75-E95B-49F0-A2DB-342853376B02}.Debug|Any CPU.ActiveCfg = Debug|Any CPU
		{63B34C75-E95B-49F0-A2DB-342853376B02}.Debug|Any CPU.Build.0 = Debug|Any CPU
		{63B34C75-E95B-49F0-A2DB-342853376B02}.Release|Any CPU.ActiveCfg = Release|Any CPU
		{63B34C75-E95B-49F0-A2DB-342853376B02}.Release|Any CPU.Build.0 = Release|Any CPU
	EndGlobalSection
	GlobalSection(SolutionProperties) = preSolution
		HideSolutionNode = FALSE
	EndGlobalSection
	GlobalSection(ExtensibilityGlobals) = postSolution
		SolutionGuid = {C455E75C-3D57-4C01-BF88-2DF65A7B897D}
	EndGlobalSection
EndGlobal
